
Microsoft Visual Studio Solution File, Format Version 12.00
# Visual Studio Version 16
VisualStudioVersion = 16.0.29709.97
MinimumVisualStudioVersion = 10.0.40219.1
Project("{FAE04EC0-301F-11D3-BF4B-00C04F79EFBC}") = "gestione-edicole", "gestione-edicole\gestione-edicole.csproj", "{3FCD7F54-DB01-4A11-9BD6-9CF97F249565}"
EndProject
Global
	GlobalSection(SolutionConfigurationPlatforms) = preSolution
		Debug|Any CPU = Debug|Any CPU
		Release|Any CPU = Release|Any CPU
	EndGlobalSection
	GlobalSection(ProjectConfigurationPlatforms) = postSolution
		{3FCD7F54-DB01-4A11-9BD6-9CF97F249565}.Debug|Any CPU.ActiveCfg = Debug|Any CPU
		{3FCD7F54-DB01-4A11-9BD6-9CF97F249565}.Debug|Any CPU.Build.0 = Debug|Any CPU
		{3FCD7F54-DB01-4A11-9BD6-9CF97F249565}.Release|Any CPU.ActiveCfg = Release|Any CPU
		{3FCD7F54-DB01-4A11-9BD6-9CF97F249565}.Release|Any CPU.Build.0 = Release|Any CPU
	EndGlobalSection
	GlobalSection(SolutionProperties) = preSolution
		HideSolutionNode = FALSE
	EndGlobalSection
	GlobalSection(ExtensibilityGlobals) = postSolution
		SolutionGuid = {00770D94-793C-4C08-A50C-B0AFA54E4715}
	EndGlobalSection
EndGlobal
